// !$*UTF8*$!
{
	archiveVersion = 1;
	classes = {
	};
	objectVersion = 46;
	objects = {

/* Begin PBXBuildFile section */
		6E1EFF2C1B6458640064EAB9 /* AppDelegate.swift in Sources */ = {isa = PBXBuildFile; fileRef = 6E1EFF2B1B6458640064EAB9 /* AppDelegate.swift */; };
		6E1EFF2E1B6458640064EAB9 /* ViewController.swift in Sources */ = {isa = PBXBuildFile; fileRef = 6E1EFF2D1B6458640064EAB9 /* ViewController.swift */; };
		6E1EFF311B6458640064EAB9 /* Main.storyboard in Resources */ = {isa = PBXBuildFile; fileRef = 6E1EFF2F1B6458640064EAB9 /* Main.storyboard */; };
		6E1EFF331B6458640064EAB9 /* Images.xcassets in Resources */ = {isa = PBXBuildFile; fileRef = 6E1EFF321B6458640064EAB9 /* Images.xcassets */; };
		6E1EFF361B6458640064EAB9 /* LaunchScreen.xib in Resources */ = {isa = PBXBuildFile; fileRef = 6E1EFF341B6458640064EAB9 /* LaunchScreen.xib */; };
		6E1EFF421B6458640064EAB9 /* FoodgasmTests.swift in Sources */ = {isa = PBXBuildFile; fileRef = 6E1EFF411B6458640064EAB9 /* FoodgasmTests.swift */; };
/* End PBXBuildFile section */

/* Begin PBXContainerItemProxy section */
		6E1EFF3C1B6458640064EAB9 /* PBXContainerItemProxy */ = {
			isa = PBXContainerItemProxy;
			containerPortal = 6E1EFF1E1B6458640064EAB9 /* Project object */;
			proxyType = 1;
			remoteGlobalIDString = 6E1EFF251B6458640064EAB9;
			remoteInfo = Foodgasm;
		};
/* End PBXContainerItemProxy section */

/* Begin PBXFileReference section */
		6E1EFF261B6458640064EAB9 /* Foodgasm.app */ = {isa = PBXFileReference; explicitFileType = wrapper.application; includeInIndex = 0; path = Foodgasm.app; sourceTree = BUILT_PRODUCTS_DIR; };
		6E1EFF2A1B6458640064EAB9 /* Info.plist */ = {isa = PBXFileReference; lastKnownFileType = text.plist.xml; path = Info.plist; sourceTree = "<group>"; };
		6E1EFF2B1B6458640064EAB9 /* AppDelegate.swift */ = {isa = PBXFileReference; lastKnownFileType = sourcecode.swift; path = AppDelegate.swift; sourceTree = "<group>"; };
		6E1EFF2D1B6458640064EAB9 /* ViewController.swift */ = {isa = PBXFileReference; lastKnownFileType = sourcecode.swift; path = ViewController.swift; sourceTree = "<group>"; };
		6E1EFF301B6458640064EAB9 /* Base */ = {isa = PBXFileReference; lastKnownFileType = file.storyboard; name = Base; path = Base.lproj/Main.storyboard; sourceTree = "<group>"; };
		6E1EFF321B6458640064EAB9 /* Images.xcassets */ = {isa = PBXFileReference; lastKnownFileType = folder.assetcatalog; path = Images.xcassets; sourceTree = "<group>"; };
		6E1EFF351B6458640064EAB9 /* Base */ = {isa = PBXFileReference; lastKnownFileType = file.xib; name = Base; path = Base.lproj/LaunchScreen.xib; sourceTree = "<group>"; };
		6E1EFF3B1B6458640064EAB9 /* FoodgasmTests.xctest */ = {isa = PBXFileReference; explicitFileType = wrapper.cfbundle; includeInIndex = 0; path = FoodgasmTests.xctest; sourceTree = BUILT_PRODUCTS_DIR; };
		6E1EFF401B6458640064EAB9 /* Info.plist */ = {isa = PBXFileReference; lastKnownFileType = text.plist.xml; path = Info.plist; sourceTree = "<group>"; };
		6E1EFF411B6458640064EAB9 /* FoodgasmTests.swift */ = {isa = PBXFileReference; lastKnownFileType = sourcecode.swift; path = FoodgasmTests.swift; sourceTree = "<group>"; };
/* End PBXFileReference section */

/* Begin PBXFrameworksBuildPhase section */
		6E1EFF231B6458640064EAB9 /* Frameworks */ = {
			isa = PBXFrameworksBuildPhase;
			buildActionMask = 2147483647;
			files = (
			);
			runOnlyForDeploymentPostprocessing = 0;
		};
		6E1EFF381B6458640064EAB9 /* Frameworks */ = {
			isa = PBXFrameworksBuildPhase;
			buildActionMask = 2147483647;
			files = (
			);
			runOnlyForDeploymentPostprocessing = 0;
		};
/* End PBXFrameworksBuildPhase section */

/* Begin PBXGroup section */
		6E1EFF1D1B6458640064EAB9 = {
			isa = PBXGroup;
			children = (
				6E1EFF281B6458640064EAB9 /* Foodgasm */,
				6E1EFF3E1B6458640064EAB9 /* FoodgasmTests */,
				6E1EFF271B6458640064EAB9 /* Products */,
			);
			sourceTree = "<group>";
		};
		6E1EFF271B6458640064EAB9 /* Products */ = {
			isa = PBXGroup;
			children = (
				6E1EFF261B6458640064EAB9 /* Foodgasm.app */,
				6E1EFF3B1B6458640064EAB9 /* FoodgasmTests.xctest */,
			);
			name = Products;
			sourceTree = "<group>";
		};
		6E1EFF281B6458640064EAB9 /* Foodgasm */ = {
			isa = PBXGroup;
			children = (
				6E1EFF2B1B6458640064EAB9 /* AppDelegate.swift */,
				6E1EFF2D1B6458640064EAB9 /* ViewController.swift */,
				6E1EFF2F1B6458640064EAB9 /* Main.storyboard */,
				6E1EFF321B6458640064EAB9 /* Images.xcassets */,
				6E1EFF341B6458640064EAB9 /* LaunchScreen.xib */,
				6E1EFF291B6458640064EAB9 /* Supporting Files */,
			);
			path = Foodgasm;
			sourceTree = "<group>";
		};
		6E1EFF291B6458640064EAB9 /* Supporting Files */ = {
			isa = PBXGroup;
			children = (
				6E1EFF2A1B6458640064EAB9 /* Info.plist */,
			);
			name = "Supporting Files";
			sourceTree = "<group>";
		};
		6E1EFF3E1B6458640064EAB9 /* FoodgasmTests */ = {
			isa = PBXGroup;
			children = (
				6E1EFF411B6458640064EAB9 /* FoodgasmTests.swift */,
				6E1EFF3F1B6458640064EAB9 /* Supporting Files */,
			);
			path = FoodgasmTests;
			sourceTree = "<group>";
		};
		6E1EFF3F1B6458640064EAB9 /* Supporting Files */ = {
			isa = PBXGroup;
			children = (
				6E1EFF401B6458640064EAB9 /* Info.plist */,
			);
			name = "Supporting Files";
			sourceTree = "<group>";
		};
/* End PBXGroup section */

/* Begin PBXNativeTarget section */
		6E1EFF251B6458640064EAB9 /* Foodgasm */ = {
			isa = PBXNativeTarget;
			buildConfigurationList = 6E1EFF451B6458640064EAB9 /* Build configuration list for PBXNativeTarget "Foodgasm" */;
			buildPhases = (
				6E1EFF221B6458640064EAB9 /* Sources */,
				6E1EFF231B6458640064EAB9 /* Frameworks */,
				6E1EFF241B6458640064EAB9 /* Resources */,
			);
			buildRules = (
			);
			dependencies = (
			);
			name = Foodgasm;
			productName = Foodgasm;
			productReference = 6E1EFF261B6458640064EAB9 /* Foodgasm.app */;
			productType = "com.apple.product-type.application";
		};
		6E1EFF3A1B6458640064EAB9 /* FoodgasmTests */ = {
			isa = PBXNativeTarget;
			buildConfigurationList = 6E1EFF481B6458640064EAB9 /* Build configuration list for PBXNativeTarget "FoodgasmTests" */;
			buildPhases = (
				6E1EFF371B6458640064EAB9 /* Sources */,
				6E1EFF381B6458640064EAB9 /* Frameworks */,
				6E1EFF391B6458640064EAB9 /* Resources */,
			);
			buildRules = (
			);
			dependencies = (
				6E1EFF3D1B6458640064EAB9 /* PBXTargetDependency */,
			);
			name = FoodgasmTests;
			productName = FoodgasmTests;
			productReference = 6E1EFF3B1B6458640064EAB9 /* FoodgasmTests.xctest */;
			productType = "com.apple.product-type.bundle.unit-test";
		};
/* End PBXNativeTarget section */

/* Begin PBXProject section */
		6E1EFF1E1B6458640064EAB9 /* Project object */ = {
			isa = PBXProject;
			attributes = {
				LastUpgradeCheck = 0640;
				ORGANIZATIONNAME = "Pradyumna Shembekar";
				TargetAttributes = {
					6E1EFF251B6458640064EAB9 = {
						CreatedOnToolsVersion = 6.4;
					};
					6E1EFF3A1B6458640064EAB9 = {
						CreatedOnToolsVersion = 6.4;
						TestTargetID = 6E1EFF251B6458640064EAB9;
					};
				};
			};
			buildConfigurationList = 6E1EFF211B6458640064EAB9 /* Build configuration list for PBXProject "Foodgasm" */;
			compatibilityVersion = "Xcode 3.2";
			developmentRegion = English;
			hasScannedForEncodings = 0;
			knownRegions = (
				en,
				Base,
			);
			mainGroup = 6E1EFF1D1B6458640064EAB9;
			productRefGroup = 6E1EFF271B6458640064EAB9 /* Products */;
			projectDirPath = "";
			projectRoot = "";
			targets = (
				6E1EFF251B6458640064EAB9 /* Foodgasm */,
				6E1EFF3A1B6458640064EAB9 /* FoodgasmTests */,
			);
		};
/* End PBXProject section */

/* Begin PBXResourcesBuildPhase section */
		6E1EFF241B6458640064EAB9 /* Resources */ = {
			isa = PBXResourcesBuildPhase;
			buildActionMask = 2147483647;
			files = (
				6E1EFF311B6458640064EAB9 /* Main.storyboard in Resources */,
				6E1EFF361B6458640064EAB9 /* LaunchScreen.xib in Resources */,
				6E1EFF331B6458640064EAB9 /* Images.xcassets in Resources */,
			);
			runOnlyForDeploymentPostprocessing = 0;
		};
		6E1EFF391B6458640064EAB9 /* Resources */ = {
			isa = PBXResourcesBuildPhase;
			buildActionMask = 2147483647;
			files = (
			);
			runOnlyForDeploymentPostprocessing = 0;
		};
/* End PBXResourcesBuildPhase section */

/* Begin PBXSourcesBuildPhase section */
		6E1EFF221B6458640064EAB9 /* Sources */ = {
			isa = PBXSourcesBuildPhase;
			buildActionMask = 2147483647;
			files = (
				6E1EFF2E1B6458640064EAB9 /* ViewController.swift in Sources */,
				6E1EFF2C1B6458640064EAB9 /* AppDelegate.swift in Sources */,
			);
			runOnlyForDeploymentPostprocessing = 0;
		};
		6E1EFF371B6458640064EAB9 /* Sources */ = {
			isa = PBXSourcesBuildPhase;
			buildActionMask = 2147483647;
			files = (
				6E1EFF421B6458640064EAB9 /* FoodgasmTests.swift in Sources */,
			);
			runOnlyForDeploymentPostprocessing = 0;
		};
/* End PBXSourcesBuildPhase section */

/* Begin PBXTargetDependency section */
		6E1EFF3D1B6458640064EAB9 /* PBXTargetDependency */ = {
			isa = PBXTargetDependency;
			target = 6E1EFF251B6458640064EAB9 /* Foodgasm */;
			targetProxy = 6E1EFF3C1B6458640064EAB9 /* PBXContainerItemProxy */;
		};
/* End PBXTargetDependency section */

/* Begin PBXVariantGroup section */
		6E1EFF2F1B6458640064EAB9 /* Main.storyboard */ = {
			isa = PBXVariantGroup;
			children = (
				6E1EFF301B6458640064EAB9 /* Base */,
			);
			name = Main.storyboard;
			sourceTree = "<group>";
		};
		6E1EFF341B6458640064EAB9 /* LaunchScreen.xib */ = {
			isa = PBXVariantGroup;
			children = (
				6E1EFF351B6458640064EAB9 /* Base */,
			);
			name = LaunchScreen.xib;
			sourceTree = "<group>";
		};
/* End PBXVariantGroup section */

/* Begin XCBuildConfiguration section */
		6E1EFF431B6458640064EAB9 /* Debug */ = {
			isa = XCBuildConfiguration;
			buildSettings = {
				ALWAYS_SEARCH_USER_PATHS = NO;
				CLANG_CXX_LANGUAGE_STANDARD = "gnu++0x";
				CLANG_CXX_LIBRARY = "libc++";
				CLANG_ENABLE_MODULES = YES;
				CLANG_ENABLE_OBJC_ARC = YES;
				CLANG_WARN_BOOL_CONVERSION = YES;
				CLANG_WARN_CONSTANT_CONVERSION = YES;
				CLANG_WARN_DIRECT_OBJC_ISA_USAGE = YES_ERROR;
				CLANG_WARN_EMPTY_BODY = YES;
				CLANG_WARN_ENUM_CONVERSION = YES;
				CLANG_WARN_INT_CONVERSION = YES;
				CLANG_WARN_OBJC_ROOT_CLASS = YES_ERROR;
				CLANG_WARN_UNREACHABLE_CODE = YES;
				CLANG_WARN__DUPLICATE_METHOD_MATCH = YES;
				"CODE_SIGN_IDENTITY[sdk=iphoneos*]" = "iPhone Developer";
				COPY_PHASE_STRIP = NO;
				DEBUG_INFORMATION_FORMAT = "dwarf-with-dsym";
				ENABLE_STRICT_OBJC_MSGSEND = YES;
				GCC_C_LANGUAGE_STANDARD = gnu99;
				GCC_DYNAMIC_NO_PIC = NO;
				GCC_NO_COMMON_BLOCKS = YES;
				GCC_OPTIMIZATION_LEVEL = 0;
				GCC_PREPROCESSOR_DEFINITIONS = (
					"DEBUG=1",
					"$(inherited)",
				);
				GCC_SYMBOLS_PRIVATE_EXTERN = NO;
				GCC_WARN_64_TO_32_BIT_CONVERSION = YES;
				GCC_WARN_ABOUT_RETURN_TYPE = YES_ERROR;
				GCC_WARN_UNDECLARED_SELECTOR = YES;
				GCC_WARN_UNINITIALIZED_AUTOS = YES_AGGRESSIVE;
				GCC_WARN_UNUSED_FUNCTION = YES;
				GCC_WARN_UNUSED_VARIABLE = YES;
				IPHONEOS_DEPLOYMENT_TARGET = 8.4;
				MTL_ENABLE_DEBUG_INFO = YES;
				ONLY_ACTIVE_ARCH = YES;
				SDKROOT = iphoneos;
				SWIFT_OPTIMIZATION_LEVEL = "-Onone";
			};
			name = Debug;
		};
		6E1EFF441B6458640064EAB9 /* Release */ = {
			isa = XCBuildConfiguration;
			buildSettings = {
				ALWAYS_SEARCH_USER_PATHS = NO;
				CLANG_CXX_LANGUAGE_STANDARD = "gnu++0x";
				CLANG_CXX_LIBRARY = "libc++";
				CLANG_ENABLE_MODULES = YES;
				CLANG_ENABLE_OBJC_ARC = YES;
				CLANG_WARN_BOOL_CONVERSION = YES;
				CLANG_WARN_CONSTANT_CONVERSION = YES;
				CLANG_WARN_DIRECT_OBJC_ISA_USAGE = YES_ERROR;
				CLANG_WARN_EMPTY_BODY = YES;
				CLANG_WARN_ENUM_CONVERSION = YES;
				CLANG_WARN_INT_CONVERSION = YES;
				CLANG_WARN_OBJC_ROOT_CLASS = YES_ERROR;
				CLANG_WARN_UNREACHABLE_CODE = YES;
				CLANG_WARN__DUPLICATE_METHOD_MATCH = YES;
				"CODE_SIGN_IDENTITY[sdk=iphoneos*]" = "iPhone Developer";
				COPY_PHASE_STRIP = NO;
				DEBUG_INFORMATION_FORMAT = "dwarf-with-dsym";
				ENABLE_NS_ASSERTIONS = NO;
				ENABLE_STRICT_OBJC_MSGSEND = YES;
				GCC_C_LANGUAGE_STANDARD = gnu99;
				GCC_NO_COMMON_BLOCKS = YES;
				GCC_WARN_64_TO_32_BIT_CONVERSION = YES;
				GCC_WARN_ABOUT_RETURN_TYPE = YES_ERROR;
				GCC_WARN_UNDECLARED_SELECTOR = YES;
				GCC_WARN_UNINITIALIZED_AUTOS = YES_AGGRESSIVE;
				GCC_WARN_UNUSED_FUNCTION = YES;
				GCC_WARN_UNUSED_VARIABLE = YES;
				IPHONEOS_DEPLOYMENT_TARGET = 8.4;
				MTL_ENABLE_DEBUG_INFO = NO;
				SDKROOT = iphoneos;
				VALIDATE_PRODUCT = YES;
			};
			name = Release;
		};
		6E1EFF461B6458640064EAB9 /* Debug */ = {
			isa = XCBuildConfiguration;
			buildSettings = {
				ASSETCATALOG_COMPILER_APPICON_NAME = AppIcon;
				INFOPLIST_FILE = Foodgasm/Info.plist;
				LD_RUNPATH_SEARCH_PATHS = "$(inherited) @executable_path/Frameworks";
				PRODUCT_NAME = "$(TARGET_NAME)";
			};
			name = Debug;
		};
		6E1EFF471B6458640064EAB9 /* Release */ = {
			isa = XCBuildConfiguration;
			buildSettings = {
				ASSETCATALOG_COMPILER_APPICON_NAME = AppIcon;
				INFOPLIST_FILE = Foodgasm/Info.plist;
				LD_RUNPATH_SEARCH_PATHS = "$(inherited) @executable_path/Frameworks";
				PRODUCT_NAME = "$(TARGET_NAME)";
			};
			name = Release;
		};
		6E1EFF491B6458640064EAB9 /* Debug */ = {
			isa = XCBuildConfiguration;
			buildSettings = {
				BUNDLE_LOADER = "$(TEST_HOST)";
				FRAMEWORK_SEARCH_PATHS = (
					"$(SDKROOT)/Developer/Library/Frameworks",
					"$(inherited)",
				);
				GCC_PREPROCESSOR_DEFINITIONS = (
					"DEBUG=1",
					"$(inherited)",
				);
				INFOPLIST_FILE = FoodgasmTests/Info.plist;
				LD_RUNPATH_SEARCH_PATHS = "$(inherited) @executable_path/Frameworks @loader_path/Frameworks";
				PRODUCT_NAME = "$(TARGET_NAME)";
				TEST_HOST = "$(BUILT_PRODUCTS_DIR)/Foodgasm.app/Foodgasm";
			};
			name = Debug;
		};
		6E1EFF4A1B6458640064EAB9 /* Release */ = {
			isa = XCBuildConfiguration;
			buildSettings = {
				BUNDLE_LOADER = "$(TEST_HOST)";
				FRAMEWORK_SEARCH_PATHS = (
					"$(SDKROOT)/Developer/Library/Frameworks",
					"$(inherited)",
				);
				INFOPLIST_FILE = FoodgasmTests/Info.plist;
				LD_RUNPATH_SEARCH_PATHS = "$(inherited) @executable_path/Frameworks @loader_path/Frameworks";
				PRODUCT_NAME = "$(TARGET_NAME)";
				TEST_HOST = "$(BUILT_PRODUCTS_DIR)/Foodgasm.app/Foodgasm";
			};
			name = Release;
		};
/* End XCBuildConfiguration section */

/* Begin XCConfigurationList section */
		6E1EFF211B6458640064EAB9 /* Build configuration list for PBXProject "Foodgasm" */ = {
			isa = XCConfigurationList;
			buildConfigurations = (
				6E1EFF431B6458640064EAB9 /* Debug */,
				6E1EFF441B6458640064EAB9 /* Release */,
			);
			defaultConfigurationIsVisible = 0;
			defaultConfigurationName = Release;
		};
		6E1EFF451B6458640064EAB9 /* Build configuration list for PBXNativeTarget "Foodgasm" */ = {
			isa = XCConfigurationList;
			buildConfigurations = (
				6E1EFF461B6458640064EAB9 /* Debug */,
				6E1EFF471B6458640064EAB9 /* Release */,
			);
			defaultConfigurationIsVisible = 0;
		};
		6E1EFF481B6458640064EAB9 /* Build configuration list for PBXNativeTarget "FoodgasmTests" */ = {
			isa = XCConfigurationList;
			buildConfigurations = (
				6E1EFF491B6458640064EAB9 /* Debug */,
				6E1EFF4A1B6458640064EAB9 /* Release */,
			);
			defaultConfigurationIsVisible = 0;
		};
/* End XCConfigurationList section */
	};
	rootObject = 6E1EFF1E1B6458640064EAB9 /* Project object */;
}
